Microsoft Visual Studio Solution File, Format Version 12.00
# Visual Studio Version 17
VisualStudioVersion = 17.5.2.0
MinimumVisualStudioVersion = 10.0.40219.1
Project("{FAE04EC0-301F-11D3-BF4B-00C04F79EFBC}") = "network-configurator", "network-configurator.csproj", "{3BFB8944-5BE8-25BC-D404-D895492DF8E4}"
EndProject
Global
	GlobalSection(SolutionConfigurationPlatforms) = preSolution
		Debug|Any CPU = Debug|Any CPU
		Release|Any CPU = Release|Any CPU
	EndGlobalSection
	GlobalSection(ProjectConfigurationPlatforms) = postSolution
		{3BFB8944-5BE8-25BC-D404-D895492DF8E4}.Debug|Any CPU.ActiveCfg = Debug|Any CPU
		{3BFB8944-5BE8-25BC-D404-D895492DF8E4}.Debug|Any CPU.Build.0 = Debug|Any CPU
		{3BFB8944-5BE8-25BC-D404-D895492DF8E4}.Release|Any CPU.ActiveCfg = Release|Any CPU
		{3BFB8944-5BE8-25BC-D404-D895492DF8E4}.Release|Any CPU.Build.0 = Release|Any CPU
	EndGlobalSection
	GlobalSection(SolutionProperties) = preSolution
		HideSolutionNode = FALSE
	EndGlobalSection
	GlobalSection(ExtensibilityGlobals) = postSolution
		SolutionGuid = {B2948800-6A5B-4393-AAB8-5E833CFE40DA}
	EndGlobalSection
EndGlobal
